
Microsoft Visual Studio Solution File, Format Version 12.00
# Visual Studio 15
VisualStudioVersion = 15.0.28307.329
MinimumVisualStudioVersion = 10.0.40219.1
Project("{9A19103F-16F7-4668-BE54-9A1E7A4F7556}") = "pluralsightfuncs", "pluralsightfuncs.csproj", "{A374C884-E4EE-46C6-A8F5-034F21B07ECB}"
EndProject
Project("{2150E333-8FDC-42A3-9474-1A3956D46DE8}") = "Solution Items", "Solution Items", "{530A4ECE-7667-4EC6-9708-24283D03BF09}"
	ProjectSection(SolutionItems) = preProject
		README.md = README.md
	EndProjectSection
EndProject
Global
	GlobalSection(SolutionConfigurationPlatforms) = preSolution
		Debug|Any CPU = Debug|Any CPU
		Release|Any CPU = Release|Any CPU
	EndGlobalSection
	GlobalSection(ProjectConfigurationPlatforms) = postSolution
		{A374C884-E4EE-46C6-A8F5-034F21B07ECB}.Debug|Any CPU.ActiveCfg = Debug|Any CPU
		{A374C884-E4EE-46C6-A8F5-034F21B07ECB}.Debug|Any CPU.Build.0 = Debug|Any CPU
		{A374C884-E4EE-46C6-A8F5-034F21B07ECB}.Release|Any CPU.ActiveCfg = Release|Any CPU
		{A374C884-E4EE-46C6-A8F5-034F21B07ECB}.Release|Any CPU.Build.0 = Release|Any CPU
	EndGlobalSection
	GlobalSection(SolutionProperties) = preSolution
		HideSolutionNode = FALSE
	EndGlobalSection
	GlobalSection(ExtensibilityGlobals) = postSolution
		SolutionGuid = {07D97F3D-773B-4B07-ABC2-585E057B9F1D}
	EndGlobalSection
EndGlobal
